
Microsoft Visual Studio Solution File, Format Version 12.00
# Visual Studio Version 17
VisualStudioVersion = 17.5.33502.453
MinimumVisualStudioVersion = 10.0.40219.1
Project("{FAE04EC0-301F-11D3-BF4B-00C04F79EFBC}") = "DotNetStandardLibDemo", "DotNetStandardLibDemo\DotNetStandardLibDemo.csproj", "{3A61740A-0A85-4ADC-B9A3-AA0B2B3AB33C}"
EndProject
Project("{9A19103F-16F7-4668-BE54-9A1E7A4F7556}") = "DotnetCoreConsoleDemo", "..\DotnetCoreConsoleDemo\DotnetCoreConsoleDemo\DotnetCoreConsoleDemo.csproj", "{B7805BDD-D93B-4AE2-835E-BA9C4D849EBA}"
EndProject
Global
	GlobalSection(SolutionConfigurationPlatforms) = preSolution
		Debug|Any CPU = Debug|Any CPU
		Release|Any CPU = Release|Any CPU
	EndGlobalSection
	GlobalSection(ProjectConfigurationPlatforms) = postSolution
		{3A61740A-0A85-4ADC-B9A3-AA0B2B3AB33C}.Debug|Any CPU.ActiveCfg = Debug|Any CPU
		{3A61740A-0A85-4ADC-B9A3-AA0B2B3AB33C}.Debug|Any CPU.Build.0 = Debug|Any CPU
		{3A61740A-0A85-4ADC-B9A3-AA0B2B3AB33C}.Release|Any CPU.ActiveCfg = Release|Any CPU
		{3A61740A-0A85-4ADC-B9A3-AA0B2B3AB33C}.Release|Any CPU.Build.0 = Release|Any CPU
		{B7805BDD-D93B-4AE2-835E-BA9C4D849EBA}.Debug|Any CPU.ActiveCfg = Debug|Any CPU
		{B7805BDD-D93B-4AE2-835E-BA9C4D849EBA}.Debug|Any CPU.Build.0 = Debug|Any CPU
		{B7805BDD-D93B-4AE2-835E-BA9C4D849EBA}.Release|Any CPU.ActiveCfg = Release|Any CPU
		{B7805BDD-D93B-4AE2-835E-BA9C4D849EBA}.Release|Any CPU.Build.0 = Release|Any CPU
	EndGlobalSection
	GlobalSection(SolutionProperties) = preSolution
		HideSolutionNode = FALSE
	EndGlobalSection
	GlobalSection(ExtensibilityGlobals) = postSolution
		SolutionGuid = {D11987D2-5A70-4609-A07C-8ABEA672440E}
	EndGlobalSection
EndGlobal
